
Microsoft Visual Studio Solution File, Format Version 12.00
# Visual Studio Version 16
Project("{2150E333-8FDC-42A3-9474-1A3956D46DE8}") = "src", "src", "{18FEC3A5-1E0F-465A-9394-2747E6EEFF3D}"
EndProject
Project("{2150E333-8FDC-42A3-9474-1A3956D46DE8}") = "AppGateways", "AppGateways", "{9EFD4AC1-5CC6-46E7-96EB-CAA2AD1AB7AA}"
EndProject
Project("{2150E333-8FDC-42A3-9474-1A3956D46DE8}") = "BuildingBlocks", "BuildingBlocks", "{5646E53C-2DC2-4665-B966-A9648FC0B814}"
EndProject
Project("{2150E333-8FDC-42A3-9474-1A3956D46DE8}") = "Services", "Services", "{414E8E62-B9C2-4292-B19D-1D2359A743EF}"
EndProject
Project("{2150E333-8FDC-42A3-9474-1A3956D46DE8}") = "Clients", "Clients", "{4894825A-B248-40A4-AF94-74A83D75B721}"
EndProject
Project("{2150E333-8FDC-42A3-9474-1A3956D46DE8}") = "WebApiGateways", "WebApiGateways", "{8F3F7D14-CFCD-4A72-A46D-9D7C307F3BF2}"
EndProject
Project("{FAE04EC0-301F-11D3-BF4B-00C04F79EFBC}") = "Web.ApiGateway", "Web.ApiGateway\Web.ApiGateway.csproj", "{250AD4DC-8327-475D-AEF8-59BCBFE67284}"
EndProject
Project("{2150E333-8FDC-42A3-9474-1A3956D46DE8}") = "BasketService", "BasketService", "{97C1FF9A-1327-47AD-BA2B-11A37D32AFA2}"
EndProject
Project("{FAE04EC0-301F-11D3-BF4B-00C04F79EFBC}") = "BasketService.API", "BasketService.API\BasketService.API.csproj", "{2518E242-7DD0-4E3A-8AA3-24B8185D1755}"
EndProject
Project("{2150E333-8FDC-42A3-9474-1A3956D46DE8}") = "CatalogService", "CatalogService", "{059D773A-B142-455F-A4A3-3FCCBA5C273F}"
EndProject
Project("{FAE04EC0-301F-11D3-BF4B-00C04F79EFBC}") = "CatalogService.API", "CatalogService.API\CatalogService.API.csproj", "{91D0850F-E6F5-4412-91D3-B29B8D33DFA2}"
EndProject
Project("{2150E333-8FDC-42A3-9474-1A3956D46DE8}") = "IdentityService", "IdentityService", "{FE1DDC8C-74A7-41E0-B9A8-E55E948CE8F6}"
EndProject
Project("{2150E333-8FDC-42A3-9474-1A3956D46DE8}") = "NotificationService", "NotificationService", "{83111488-F08C-4498-9154-90DFA11BB43F}"
EndProject
Project("{2150E333-8FDC-42A3-9474-1A3956D46DE8}") = "OrderService", "OrderService", "{F8493992-C641-45BD-8782-1C3838A13A96}"
EndProject
Project("{FAE04EC0-301F-11D3-BF4B-00C04F79EFBC}") = "NotificationService", "NotificationService.API\NotificationService\NotificationService.csproj", "{70BD75C5-DE6C-4ACC-AFAF-DC7AB1AC5DBC}"
EndProject
Project("{FAE04EC0-301F-11D3-BF4B-00C04F79EFBC}") = "OrderService.Domain", "OrderService.API\OrderService.Domain\OrderService.Domain.csproj", "{E2AE37D2-B1C9-4B5D-8F74-059F99A86C98}"
EndProject
Project("{FAE04EC0-301F-11D3-BF4B-00C04F79EFBC}") = "OrderService.Application", "OrderService.API\OrderService.Application\OrderService.Application.csproj", "{A75C5297-3BBC-4E88-AF1F-BDA281037C38}"
EndProject
Project("{FAE04EC0-301F-11D3-BF4B-00C04F79EFBC}") = "OrderService.Infrastructure", "OrderService.API\OrderService.Infrastructure\OrderService.Infrastructure.csproj", "{2BEB00D4-F2FA-404B-AF5D-E5B29694352C}"
EndProject
Project("{FAE04EC0-301F-11D3-BF4B-00C04F79EFBC}") = "OrderService.Api", "OrderService.API\OrderService.Api\OrderService.Api.csproj", "{F50653B2-7663-493A-B010-3268CBD86206}"
EndProject
Project("{2150E333-8FDC-42A3-9474-1A3956D46DE8}") = "PaymentService", "PaymentService", "{C5052CF0-CE24-4808-BBDC-09EA1F417F29}"
EndProject
Project("{FAE04EC0-301F-11D3-BF4B-00C04F79EFBC}") = "PaymentService.Api", "PaymentService.Api\PaymentService.Api.csproj", "{B6645BBE-FE62-4E5C-BB51-7879D395FF82}"
EndProject
Project("{FAE04EC0-301F-11D3-BF4B-00C04F79EFBC}") = "Repository", "Repository\Repository.csproj", "{ABD3B2FE-4E9B-4DDD-8A38-E279600CE51E}"
EndProject
Project("{FAE04EC0-301F-11D3-BF4B-00C04F79EFBC}") = "IoC", "IoC\IoC.csproj", "{8D6D73C6-9B85-480E-98C0-7A30B1607BA1}"
EndProject
Project("{FAE04EC0-301F-11D3-BF4B-00C04F79EFBC}") = "Service", "Service\Service.csproj", "{C6755242-442D-46F6-98DF-7CB56C101A80}"
EndProject
Project("{FAE04EC0-301F-11D3-BF4B-00C04F79EFBC}") = "Core", "Core\Core.csproj", "{8E2B77DB-5408-431F-B07F-742614A301DA}"
EndProject
Project("{9344BDBB-3E7F-41FC-A0DD-8665D75EE146}") = "WebAPI", "WebAPI\WebAPI.csproj", "{89F6E233-7635-4FCA-BAD5-CE44BFB728AC}"
EndProject
Project("{9344BDBB-3E7F-41FC-A0DD-8665D75EE146}") = "NotificationService.API", "NotificationService.API\NotificationService.API.csproj", "{858EF3F6-A20C-48DE-8F9E-394FAE403EC4}"
EndProject
Project("{9344BDBB-3E7F-41FC-A0DD-8665D75EE146}") = "OrderService.API", "OrderService.API\OrderService.API.csproj", "{1026B2A8-99BD-43B0-BE11-65E79F015E00}"
EndProject
Project("{FAE04EC0-301F-11D3-BF4B-00C04F79EFBC}") = "API", "API\API.csproj", "{53016E96-C71D-4675-8663-64558F49A513}"
EndProject
Project("{FAE04EC0-301F-11D3-BF4B-00C04F79EFBC}") = "Infrastructure", "Infrastructure\Infrastructure.csproj", "{ADCAA55F-84F5-4990-9A33-3A6CCF913B5F}"
EndProject
Project("{2150E333-8FDC-42A3-9474-1A3956D46DE8}") = "Docker", "Docker", "{3E320292-DECF-46FE-B90C-CD5A65138DA6}"
EndProject
Project("{2150E333-8FDC-42A3-9474-1A3956D46DE8}") = "Redis", "Redis", "{84918C4C-5DC1-4747-909F-358D11F2C04A}"
EndProject
Project("{2150E333-8FDC-42A3-9474-1A3956D46DE8}") = "EventBus", "EventBus", "{4D40139C-A188-4693-AFF7-DFF96C523C84}"
EndProject
Project("{FAE04EC0-301F-11D3-BF4B-00C04F79EFBC}") = "EventBus", "EventBus\EventBus.csproj", "{716B8A49-327A-47C2-B525-1263C4EB3CBE}"
EndProject
Project("{FAE04EC0-301F-11D3-BF4B-00C04F79EFBC}") = "EventBusRabbitMQ", "EventBusRabbitMQ\EventBusRabbitMQ.csproj", "{44DA4735-948C-4C48-9461-A3C8FD273D97}"
EndProject
Project("{2150E333-8FDC-42A3-9474-1A3956D46DE8}") = "RabbitMQQ", "RabbitMQQ", "{B54521AB-0492-439D-BB71-215725A3DC1B}"
ProjectSection(SolutionItems) = preProject
	..\..\Desktop\docker-compose.yml = ..\..\Desktop\docker-compose.yml
EndProjectSection
EndProject
Global
	GlobalSection(SolutionConfigurationPlatforms) = preSolution
		Debug|Any CPU = Debug|Any CPU
		Release|Any CPU = Release|Any CPU
	EndGlobalSection
	GlobalSection(NestedProjects) = preSolution
		{9EFD4AC1-5CC6-46E7-96EB-CAA2AD1AB7AA} = {18FEC3A5-1E0F-465A-9394-2747E6EEFF3D}
		{5646E53C-2DC2-4665-B966-A9648FC0B814} = {18FEC3A5-1E0F-465A-9394-2747E6EEFF3D}
		{414E8E62-B9C2-4292-B19D-1D2359A743EF} = {18FEC3A5-1E0F-465A-9394-2747E6EEFF3D}
		{4894825A-B248-40A4-AF94-74A83D75B721} = {18FEC3A5-1E0F-465A-9394-2747E6EEFF3D}
		{8F3F7D14-CFCD-4A72-A46D-9D7C307F3BF2} = {9EFD4AC1-5CC6-46E7-96EB-CAA2AD1AB7AA}
		{250AD4DC-8327-475D-AEF8-59BCBFE67284} = {8F3F7D14-CFCD-4A72-A46D-9D7C307F3BF2}
		{97C1FF9A-1327-47AD-BA2B-11A37D32AFA2} = {414E8E62-B9C2-4292-B19D-1D2359A743EF}
		{2518E242-7DD0-4E3A-8AA3-24B8185D1755} = {97C1FF9A-1327-47AD-BA2B-11A37D32AFA2}
		{059D773A-B142-455F-A4A3-3FCCBA5C273F} = {414E8E62-B9C2-4292-B19D-1D2359A743EF}
		{91D0850F-E6F5-4412-91D3-B29B8D33DFA2} = {059D773A-B142-455F-A4A3-3FCCBA5C273F}
		{FE1DDC8C-74A7-41E0-B9A8-E55E948CE8F6} = {414E8E62-B9C2-4292-B19D-1D2359A743EF}
		{83111488-F08C-4498-9154-90DFA11BB43F} = {414E8E62-B9C2-4292-B19D-1D2359A743EF}
		{F8493992-C641-45BD-8782-1C3838A13A96} = {414E8E62-B9C2-4292-B19D-1D2359A743EF}
		{70BD75C5-DE6C-4ACC-AFAF-DC7AB1AC5DBC} = {83111488-F08C-4498-9154-90DFA11BB43F}
		{E2AE37D2-B1C9-4B5D-8F74-059F99A86C98} = {F8493992-C641-45BD-8782-1C3838A13A96}
		{A75C5297-3BBC-4E88-AF1F-BDA281037C38} = {F8493992-C641-45BD-8782-1C3838A13A96}
		{2BEB00D4-F2FA-404B-AF5D-E5B29694352C} = {F8493992-C641-45BD-8782-1C3838A13A96}
		{F50653B2-7663-493A-B010-3268CBD86206} = {F8493992-C641-45BD-8782-1C3838A13A96}
		{C5052CF0-CE24-4808-BBDC-09EA1F417F29} = {414E8E62-B9C2-4292-B19D-1D2359A743EF}
		{B6645BBE-FE62-4E5C-BB51-7879D395FF82} = {C5052CF0-CE24-4808-BBDC-09EA1F417F29}
		{ABD3B2FE-4E9B-4DDD-8A38-E279600CE51E} = {FE1DDC8C-74A7-41E0-B9A8-E55E948CE8F6}
		{8D6D73C6-9B85-480E-98C0-7A30B1607BA1} = {FE1DDC8C-74A7-41E0-B9A8-E55E948CE8F6}
		{C6755242-442D-46F6-98DF-7CB56C101A80} = {FE1DDC8C-74A7-41E0-B9A8-E55E948CE8F6}
		{8E2B77DB-5408-431F-B07F-742614A301DA} = {FE1DDC8C-74A7-41E0-B9A8-E55E948CE8F6}
		{89F6E233-7635-4FCA-BAD5-CE44BFB728AC} = {FE1DDC8C-74A7-41E0-B9A8-E55E948CE8F6}
		{858EF3F6-A20C-48DE-8F9E-394FAE403EC4} = {83111488-F08C-4498-9154-90DFA11BB43F}
		{1026B2A8-99BD-43B0-BE11-65E79F015E00} = {F8493992-C641-45BD-8782-1C3838A13A96}
		{53016E96-C71D-4675-8663-64558F49A513} = {FE1DDC8C-74A7-41E0-B9A8-E55E948CE8F6}
		{ADCAA55F-84F5-4990-9A33-3A6CCF913B5F} = {FE1DDC8C-74A7-41E0-B9A8-E55E948CE8F6}
		{3E320292-DECF-46FE-B90C-CD5A65138DA6} = {18FEC3A5-1E0F-465A-9394-2747E6EEFF3D}
		{84918C4C-5DC1-4747-909F-358D11F2C04A} = {3E320292-DECF-46FE-B90C-CD5A65138DA6}
		{4D40139C-A188-4693-AFF7-DFF96C523C84} = {5646E53C-2DC2-4665-B966-A9648FC0B814}
		{716B8A49-327A-47C2-B525-1263C4EB3CBE} = {4D40139C-A188-4693-AFF7-DFF96C523C84}
		{44DA4735-948C-4C48-9461-A3C8FD273D97} = {4D40139C-A188-4693-AFF7-DFF96C523C84}
		{B54521AB-0492-439D-BB71-215725A3DC1B} = {3E320292-DECF-46FE-B90C-CD5A65138DA6}
	EndGlobalSection
	GlobalSection(ProjectConfigurationPlatforms) = postSolution
		{250AD4DC-8327-475D-AEF8-59BCBFE67284}.Debug|Any CPU.ActiveCfg = Debug|Any CPU
		{250AD4DC-8327-475D-AEF8-59BCBFE67284}.Debug|Any CPU.Build.0 = Debug|Any CPU
		{250AD4DC-8327-475D-AEF8-59BCBFE67284}.Release|Any CPU.ActiveCfg = Release|Any CPU
		{250AD4DC-8327-475D-AEF8-59BCBFE67284}.Release|Any CPU.Build.0 = Release|Any CPU
		{2518E242-7DD0-4E3A-8AA3-24B8185D1755}.Debug|Any CPU.ActiveCfg = Debug|Any CPU
		{2518E242-7DD0-4E3A-8AA3-24B8185D1755}.Debug|Any CPU.Build.0 = Debug|Any CPU
		{2518E242-7DD0-4E3A-8AA3-24B8185D1755}.Release|Any CPU.ActiveCfg = Release|Any CPU
		{2518E242-7DD0-4E3A-8AA3-24B8185D1755}.Release|Any CPU.Build.0 = Release|Any CPU
		{91D0850F-E6F5-4412-91D3-B29B8D33DFA2}.Debug|Any CPU.ActiveCfg = Debug|Any CPU
		{91D0850F-E6F5-4412-91D3-B29B8D33DFA2}.Debug|Any CPU.Build.0 = Debug|Any CPU
		{91D0850F-E6F5-4412-91D3-B29B8D33DFA2}.Release|Any CPU.ActiveCfg = Release|Any CPU
		{91D0850F-E6F5-4412-91D3-B29B8D33DFA2}.Release|Any CPU.Build.0 = Release|Any CPU
		{70BD75C5-DE6C-4ACC-AFAF-DC7AB1AC5DBC}.Debug|Any CPU.ActiveCfg = Debug|Any CPU
		{70BD75C5-DE6C-4ACC-AFAF-DC7AB1AC5DBC}.Debug|Any CPU.Build.0 = Debug|Any CPU
		{70BD75C5-DE6C-4ACC-AFAF-DC7AB1AC5DBC}.Release|Any CPU.ActiveCfg = Release|Any CPU
		{70BD75C5-DE6C-4ACC-AFAF-DC7AB1AC5DBC}.Release|Any CPU.Build.0 = Release|Any CPU
		{E2AE37D2-B1C9-4B5D-8F74-059F99A86C98}.Debug|Any CPU.ActiveCfg = Debug|Any CPU
		{E2AE37D2-B1C9-4B5D-8F74-059F99A86C98}.Debug|Any CPU.Build.0 = Debug|Any CPU
		{E2AE37D2-B1C9-4B5D-8F74-059F99A86C98}.Release|Any CPU.ActiveCfg = Release|Any CPU
		{E2AE37D2-B1C9-4B5D-8F74-059F99A86C98}.Release|Any CPU.Build.0 = Release|Any CPU
		{A75C5297-3BBC-4E88-AF1F-BDA281037C38}.Debug|Any CPU.ActiveCfg = Debug|Any CPU
		{A75C5297-3BBC-4E88-AF1F-BDA281037C38}.Debug|Any CPU.Build.0 = Debug|Any CPU
		{A75C5297-3BBC-4E88-AF1F-BDA281037C38}.Release|Any CPU.ActiveCfg = Release|Any CPU
		{A75C5297-3BBC-4E88-AF1F-BDA281037C38}.Release|Any CPU.Build.0 = Release|Any CPU
		{2BEB00D4-F2FA-404B-AF5D-E5B29694352C}.Debug|Any CPU.ActiveCfg = Debug|Any CPU
		{2BEB00D4-F2FA-404B-AF5D-E5B29694352C}.Debug|Any CPU.Build.0 = Debug|Any CPU
		{2BEB00D4-F2FA-404B-AF5D-E5B29694352C}.Release|Any CPU.ActiveCfg = Release|Any CPU
		{2BEB00D4-F2FA-404B-AF5D-E5B29694352C}.Release|Any CPU.Build.0 = Release|Any CPU
		{F50653B2-7663-493A-B010-3268CBD86206}.Debug|Any CPU.ActiveCfg = Debug|Any CPU
		{F50653B2-7663-493A-B010-3268CBD86206}.Debug|Any CPU.Build.0 = Debug|Any CPU
		{F50653B2-7663-493A-B010-3268CBD86206}.Release|Any CPU.ActiveCfg = Release|Any CPU
		{F50653B2-7663-493A-B010-3268CBD86206}.Release|Any CPU.Build.0 = Release|Any CPU
		{B6645BBE-FE62-4E5C-BB51-7879D395FF82}.Debug|Any CPU.ActiveCfg = Debug|Any CPU
		{B6645BBE-FE62-4E5C-BB51-7879D395FF82}.Debug|Any CPU.Build.0 = Debug|Any CPU
		{B6645BBE-FE62-4E5C-BB51-7879D395FF82}.Release|Any CPU.ActiveCfg = Release|Any CPU
		{B6645BBE-FE62-4E5C-BB51-7879D395FF82}.Release|Any CPU.Build.0 = Release|Any CPU
		{ABD3B2FE-4E9B-4DDD-8A38-E279600CE51E}.Debug|Any CPU.ActiveCfg = Debug|Any CPU
		{ABD3B2FE-4E9B-4DDD-8A38-E279600CE51E}.Debug|Any CPU.Build.0 = Debug|Any CPU
		{ABD3B2FE-4E9B-4DDD-8A38-E279600CE51E}.Release|Any CPU.ActiveCfg = Release|Any CPU
		{ABD3B2FE-4E9B-4DDD-8A38-E279600CE51E}.Release|Any CPU.Build.0 = Release|Any CPU
		{8D6D73C6-9B85-480E-98C0-7A30B1607BA1}.Debug|Any CPU.ActiveCfg = Debug|Any CPU
		{8D6D73C6-9B85-480E-98C0-7A30B1607BA1}.Debug|Any CPU.Build.0 = Debug|Any CPU
		{8D6D73C6-9B85-480E-98C0-7A30B1607BA1}.Release|Any CPU.ActiveCfg = Release|Any CPU
		{8D6D73C6-9B85-480E-98C0-7A30B1607BA1}.Release|Any CPU.Build.0 = Release|Any CPU
		{C6755242-442D-46F6-98DF-7CB56C101A80}.Debug|Any CPU.ActiveCfg = Debug|Any CPU
		{C6755242-442D-46F6-98DF-7CB56C101A80}.Debug|Any CPU.Build.0 = Debug|Any CPU
		{C6755242-442D-46F6-98DF-7CB56C101A80}.Release|Any CPU.ActiveCfg = Release|Any CPU
		{C6755242-442D-46F6-98DF-7CB56C101A80}.Release|Any CPU.Build.0 = Release|Any CPU
		{8E2B77DB-5408-431F-B07F-742614A301DA}.Debug|Any CPU.ActiveCfg = Debug|Any CPU
		{8E2B77DB-5408-431F-B07F-742614A301DA}.Debug|Any CPU.Build.0 = Debug|Any CPU
		{8E2B77DB-5408-431F-B07F-742614A301DA}.Release|Any CPU.ActiveCfg = Release|Any CPU
		{8E2B77DB-5408-431F-B07F-742614A301DA}.Release|Any CPU.Build.0 = Release|Any CPU
		{89F6E233-7635-4FCA-BAD5-CE44BFB728AC}.Debug|Any CPU.ActiveCfg = Debug|Any CPU
		{89F6E233-7635-4FCA-BAD5-CE44BFB728AC}.Debug|Any CPU.Build.0 = Debug|Any CPU
		{89F6E233-7635-4FCA-BAD5-CE44BFB728AC}.Release|Any CPU.ActiveCfg = Release|Any CPU
		{89F6E233-7635-4FCA-BAD5-CE44BFB728AC}.Release|Any CPU.Build.0 = Release|Any CPU
		{858EF3F6-A20C-48DE-8F9E-394FAE403EC4}.Debug|Any CPU.ActiveCfg = Debug|Any CPU
		{858EF3F6-A20C-48DE-8F9E-394FAE403EC4}.Debug|Any CPU.Build.0 = Debug|Any CPU
		{858EF3F6-A20C-48DE-8F9E-394FAE403EC4}.Release|Any CPU.ActiveCfg = Release|Any CPU
		{858EF3F6-A20C-48DE-8F9E-394FAE403EC4}.Release|Any CPU.Build.0 = Release|Any CPU
		{1026B2A8-99BD-43B0-BE11-65E79F015E00}.Debug|Any CPU.ActiveCfg = Debug|Any CPU
		{1026B2A8-99BD-43B0-BE11-65E79F015E00}.Debug|Any CPU.Build.0 = Debug|Any CPU
		{1026B2A8-99BD-43B0-BE11-65E79F015E00}.Release|Any CPU.ActiveCfg = Release|Any CPU
		{1026B2A8-99BD-43B0-BE11-65E79F015E00}.Release|Any CPU.Build.0 = Release|Any CPU
		{53016E96-C71D-4675-8663-64558F49A513}.Debug|Any CPU.ActiveCfg = Debug|Any CPU
		{53016E96-C71D-4675-8663-64558F49A513}.Debug|Any CPU.Build.0 = Debug|Any CPU
		{53016E96-C71D-4675-8663-64558F49A513}.Release|Any CPU.ActiveCfg = Release|Any CPU
		{53016E96-C71D-4675-8663-64558F49A513}.Release|Any CPU.Build.0 = Release|Any CPU
		{ADCAA55F-84F5-4990-9A33-3A6CCF913B5F}.Debug|Any CPU.ActiveCfg = Debug|Any CPU
		{ADCAA55F-84F5-4990-9A33-3A6CCF913B5F}.Debug|Any CPU.Build.0 = Debug|Any CPU
		{ADCAA55F-84F5-4990-9A33-3A6CCF913B5F}.Release|Any CPU.ActiveCfg = Release|Any CPU
		{ADCAA55F-84F5-4990-9A33-3A6CCF913B5F}.Release|Any CPU.Build.0 = Release|Any CPU
		{716B8A49-327A-47C2-B525-1263C4EB3CBE}.Debug|Any CPU.ActiveCfg = Debug|Any CPU
		{716B8A49-327A-47C2-B525-1263C4EB3CBE}.Debug|Any CPU.Build.0 = Debug|Any CPU
		{716B8A49-327A-47C2-B525-1263C4EB3CBE}.Release|Any CPU.ActiveCfg = Release|Any CPU
		{716B8A49-327A-47C2-B525-1263C4EB3CBE}.Release|Any CPU.Build.0 = Release|Any CPU
		{44DA4735-948C-4C48-9461-A3C8FD273D97}.Debug|Any CPU.ActiveCfg = Debug|Any CPU
		{44DA4735-948C-4C48-9461-A3C8FD273D97}.Debug|Any CPU.Build.0 = Debug|Any CPU
		{44DA4735-948C-4C48-9461-A3C8FD273D97}.Release|Any CPU.ActiveCfg = Release|Any CPU
		{44DA4735-948C-4C48-9461-A3C8FD273D97}.Release|Any CPU.Build.0 = Release|Any CPU
	EndGlobalSection
EndGlobal
